
Microsoft Visual Studio Solution File, Format Version 12.00
# Visual Studio Version 16
VisualStudioVersion = 16.0.31402.337
MinimumVisualStudioVersion = 10.0.40219.1
Project("{9A19103F-16F7-4668-BE54-9A1E7A4F7556}") = "BDDLight", "BDDLight\BDDLight.csproj", "{A6860789-C36C-476B-AB5A-97B3C609C065}"
EndProject
Project("{FAE04EC0-301F-11D3-BF4B-00C04F79EFBC}") = "BDDLight.Tests", "BDDLight.Tests\BDDLight.Tests.csproj", "{140EC98F-0A21-4C92-99DB-8E728A85C6CB}"
EndProject
Global
	GlobalSection(SolutionConfigurationPlatforms) = preSolution
		Debug|Any CPU = Debug|Any CPU
		Release|Any CPU = Release|Any CPU
	EndGlobalSection
	GlobalSection(ProjectConfigurationPlatforms) = postSolution
		{A6860789-C36C-476B-AB5A-97B3C609C065}.Debug|Any CPU.ActiveCfg = Debug|Any CPU
		{A6860789-C36C-476B-AB5A-97B3C609C065}.Debug|Any CPU.Build.0 = Debug|Any CPU
		{A6860789-C36C-476B-AB5A-97B3C609C065}.Release|Any CPU.ActiveCfg = Release|Any CPU
		{A6860789-C36C-476B-AB5A-97B3C609C065}.Release|Any CPU.Build.0 = Release|Any CPU
		{140EC98F-0A21-4C92-99DB-8E728A85C6CB}.Debug|Any CPU.ActiveCfg = Debug|Any CPU
		{140EC98F-0A21-4C92-99DB-8E728A85C6CB}.Debug|Any CPU.Build.0 = Debug|Any CPU
		{140EC98F-0A21-4C92-99DB-8E728A85C6CB}.Release|Any CPU.ActiveCfg = Release|Any CPU
		{140EC98F-0A21-4C92-99DB-8E728A85C6CB}.Release|Any CPU.Build.0 = Release|Any CPU
	EndGlobalSection
	GlobalSection(SolutionProperties) = preSolution
		HideSolutionNode = FALSE
	EndGlobalSection
	GlobalSection(ExtensibilityGlobals) = postSolution
		SolutionGuid = {E31235C9-DA81-486B-A958-1E90F8BC537D}
	EndGlobalSection
EndGlobal
